
Microsoft Visual Studio Solution File, Format Version 12.00
# Visual Studio Version 17
VisualStudioVersion = 17.1.32210.238
MinimumVisualStudioVersion = 10.0.40219.1
Project("{9A19103F-16F7-4668-BE54-9A1E7A4F7556}") = "TimeZoneLinuxContainerDateTime", "TimeZoneLinuxContainerDateTime\TimeZoneLinuxContainerDateTime.csproj", "{59C0BBF3-4264-4ADB-915E-51AB510DB664}"
EndProject
Global
	GlobalSection(SolutionConfigurationPlatforms) = preSolution
		Debug|Any CPU = Debug|Any CPU
		Release|Any CPU = Release|Any CPU
	EndGlobalSection
	GlobalSection(ProjectConfigurationPlatforms) = postSolution
		{59C0BBF3-4264-4ADB-915E-51AB510DB664}.Debug|Any CPU.ActiveCfg = Debug|Any CPU
		{59C0BBF3-4264-4ADB-915E-51AB510DB664}.Debug|Any CPU.Build.0 = Debug|Any CPU
		{59C0BBF3-4264-4ADB-915E-51AB510DB664}.Release|Any CPU.ActiveCfg = Release|Any CPU
		{59C0BBF3-4264-4ADB-915E-51AB510DB664}.Release|Any CPU.Build.0 = Release|Any CPU
	EndGlobalSection
	GlobalSection(SolutionProperties) = preSolution
		HideSolutionNode = FALSE
	EndGlobalSection
	GlobalSection(ExtensibilityGlobals) = postSolution
		SolutionGuid = {D8E7A298-9806-47B0-9374-A54554E30316}
	EndGlobalSection
EndGlobal
